
Microsoft Visual Studio Solution File, Format Version 12.00
# Visual Studio Version 16
VisualStudioVersion = 16.0.32106.194
MinimumVisualStudioVersion = 10.0.40219.1
Project("{9A19103F-16F7-4668-BE54-9A1E7A4F7556}") = "ToDoApp.MVC", "ToDoApp.MVC\ToDoApp.MVC.csproj", "{AF7C6E7F-80C2-4B3B-80D8-7EFE3EA6BD2E}"
EndProject
Project("{9A19103F-16F7-4668-BE54-9A1E7A4F7556}") = "ToDoApp.Dal", "ToDoApp.Dal\ToDoApp.Dal.csproj", "{8512D382-55E7-4034-BEBD-62225F92AC73}"
EndProject
Project("{9A19103F-16F7-4668-BE54-9A1E7A4F7556}") = "ToDoApp.Business", "ToDoApp.Business\ToDoApp.Business.csproj", "{2B836204-2B78-4CB2-A6DB-340F5A4CDE63}"
EndProject
Project("{9A19103F-16F7-4668-BE54-9A1E7A4F7556}") = "ToDoApp.Entities", "ToDoApp.Entities\ToDoApp.Entities.csproj", "{7F114CCB-7039-4E48-9659-611BD4790B03}"
EndProject
Global
	GlobalSection(SolutionConfigurationPlatforms) = preSolution
		Debug|Any CPU = Debug|Any CPU
		Release|Any CPU = Release|Any CPU
	EndGlobalSection
	GlobalSection(ProjectConfigurationPlatforms) = postSolution
		{AF7C6E7F-80C2-4B3B-80D8-7EFE3EA6BD2E}.Debug|Any CPU.ActiveCfg = Debug|Any CPU
		{AF7C6E7F-80C2-4B3B-80D8-7EFE3EA6BD2E}.Debug|Any CPU.Build.0 = Debug|Any CPU
		{AF7C6E7F-80C2-4B3B-80D8-7EFE3EA6BD2E}.Release|Any CPU.ActiveCfg = Release|Any CPU
		{AF7C6E7F-80C2-4B3B-80D8-7EFE3EA6BD2E}.Release|Any CPU.Build.0 = Release|Any CPU
		{8512D382-55E7-4034-BEBD-62225F92AC73}.Debug|Any CPU.ActiveCfg = Debug|Any CPU
		{8512D382-55E7-4034-BEBD-62225F92AC73}.Debug|Any CPU.Build.0 = Debug|Any CPU
		{8512D382-55E7-4034-BEBD-62225F92AC73}.Release|Any CPU.ActiveCfg = Release|Any CPU
		{8512D382-55E7-4034-BEBD-62225F92AC73}.Release|Any CPU.Build.0 = Release|Any CPU
		{2B836204-2B78-4CB2-A6DB-340F5A4CDE63}.Debug|Any CPU.ActiveCfg = Debug|Any CPU
		{2B836204-2B78-4CB2-A6DB-340F5A4CDE63}.Debug|Any CPU.Build.0 = Debug|Any CPU
		{2B836204-2B78-4CB2-A6DB-340F5A4CDE63}.Release|Any CPU.ActiveCfg = Release|Any CPU
		{2B836204-2B78-4CB2-A6DB-340F5A4CDE63}.Release|Any CPU.Build.0 = Release|Any CPU
		{7F114CCB-7039-4E48-9659-611BD4790B03}.Debug|Any CPU.ActiveCfg = Debug|Any CPU
		{7F114CCB-7039-4E48-9659-611BD4790B03}.Debug|Any CPU.Build.0 = Debug|Any CPU
		{7F114CCB-7039-4E48-9659-611BD4790B03}.Release|Any CPU.ActiveCfg = Release|Any CPU
		{7F114CCB-7039-4E48-9659-611BD4790B03}.Release|Any CPU.Build.0 = Release|Any CPU
	EndGlobalSection
	GlobalSection(SolutionProperties) = preSolution
		HideSolutionNode = FALSE
	EndGlobalSection
	GlobalSection(ExtensibilityGlobals) = postSolution
		SolutionGuid = {75D95C99-ADEB-4A0B-8108-AB117DCCCFAF}
	EndGlobalSection
EndGlobal
